
Microsoft Visual Studio Solution File, Format Version 12.00
# Visual Studio Version 16
VisualStudioVersion = 16.0.29609.76
MinimumVisualStudioVersion = 10.0.40219.1
Project("{FAE04EC0-301F-11D3-BF4B-00C04F79EFBC}") = "Grocery", "Grocery\Grocery.csproj", "{B5AEDF81-F740-4049-9703-944DB13824F1}"
EndProject
Global
	GlobalSection(SolutionConfigurationPlatforms) = preSolution
		Debug|Any CPU = Debug|Any CPU
		Release|Any CPU = Release|Any CPU
	EndGlobalSection
	GlobalSection(ProjectConfigurationPlatforms) = postSolution
		{B5AEDF81-F740-4049-9703-944DB13824F1}.Debug|Any CPU.ActiveCfg = Debug|Any CPU
		{B5AEDF81-F740-4049-9703-944DB13824F1}.Debug|Any CPU.Build.0 = Debug|Any CPU
		{B5AEDF81-F740-4049-9703-944DB13824F1}.Release|Any CPU.ActiveCfg = Release|Any CPU
		{B5AEDF81-F740-4049-9703-944DB13824F1}.Release|Any CPU.Build.0 = Release|Any CPU
	EndGlobalSection
	GlobalSection(SolutionProperties) = preSolution
		HideSolutionNode = FALSE
	EndGlobalSection
	GlobalSection(ExtensibilityGlobals) = postSolution
		SolutionGuid = {B14495AB-4582-413A-9101-BE75505D04F0}
	EndGlobalSection
EndGlobal
